// !$*UTF8*$!
{
	archiveVersion = 1;
	classes = {
	};
	objectVersion = 56;
	objects = {

/* Begin PBXBuildFile section */
		3F900F632D9D23B30065F1D5 /* FructusApp.swift in Sources */ = {isa = PBXBuildFile; fileRef = 3F900F622D9D23B30065F1D5 /* FructusApp.swift */; };
		3F900F652D9D23B30065F1D5 /* ContentView.swift in Sources */ = {isa = PBXBuildFile; fileRef = 3F900F642D9D23B30065F1D5 /* ContentView.swift */; };
		3F900F672D9D23B60065F1D5 /* Assets.xcassets in Resources */ = {isa = PBXBuildFile; fileRef = 3F900F662D9D23B60065F1D5 /* Assets.xcassets */; };
		3F900F6A2D9D23B60065F1D5 /* Preview Assets.xcassets in Resources */ = {isa = PBXBuildFile; fileRef = 3F900F692D9D23B60065F1D5 /* Preview Assets.xcassets */; };
		3F900F7D2D9D294D0065F1D5 /* gooseberry.png in Resources */ = {isa = PBXBuildFile; fileRef = 3F900F702D9D294B0065F1D5 /* gooseberry.png */; };
		3F900F7E2D9D294D0065F1D5 /* pear.png in Resources */ = {isa = PBXBuildFile; fileRef = 3F900F712D9D294C0065F1D5 /* pear.png */; };
		3F900F7F2D9D294D0065F1D5 /* pomegranate.png in Resources */ = {isa = PBXBuildFile; fileRef = 3F900F722D9D294C0065F1D5 /* pomegranate.png */; };
		3F900F802D9D294D0065F1D5 /* cherry.png in Resources */ = {isa = PBXBuildFile; fileRef = 3F900F732D9D294C0065F1D5 /* cherry.png */; };
		3F900F812D9D294D0065F1D5 /* blueberry.png in Resources */ = {isa = PBXBuildFile; fileRef = 3F900F742D9D294C0065F1D5 /* blueberry.png */; };
		3F900F822D9D294D0065F1D5 /* grapefruit.png in Resources */ = {isa = PBXBuildFile; fileRef = 3F900F752D9D294C0065F1D5 /* grapefruit.png */; };
		3F900F832D9D294D0065F1D5 /* watermelon.png in Resources */ = {isa = PBXBuildFile; fileRef = 3F900F762D9D294C0065F1D5 /* watermelon.png */; };
		3F900F842D9D294D0065F1D5 /* lime.png in Resources */ = {isa = PBXBuildFile; fileRef = 3F900F772D9D294C0065F1D5 /* lime.png */; };
		3F900F852D9D294D0065F1D5 /* mango.png in Resources */ = {isa = PBXBuildFile; fileRef = 3F900F782D9D294C0065F1D5 /* mango.png */; };
		3F900F862D9D294D0065F1D5 /* strawberry.png in Resources */ = {isa = PBXBuildFile; fileRef = 3F900F792D9D294D0065F1D5 /* strawberry.png */; };
		3F900F872D9D294D0065F1D5 /* plum.png in Resources */ = {isa = PBXBuildFile; fileRef = 3F900F7A2D9D294D0065F1D5 /* plum.png */; };
		3F900F882D9D294D0065F1D5 /* lemon.png in Resources */ = {isa = PBXBuildFile; fileRef = 3F900F7B2D9D294D0065F1D5 /* lemon.png */; };
		3F900F892D9D294D0065F1D5 /* apple.png in Resources */ = {isa = PBXBuildFile; fileRef = 3F900F7C2D9D294D0065F1D5 /* apple.png */; };
		3F900F8D2D9D31370065F1D5 /* FruitCardView.swift in Sources */ = {isa = PBXBuildFile; fileRef = 3F900F8C2D9D31370065F1D5 /* FruitCardView.swift */; };
		3F900F8F2D9D3CE10065F1D5 /* StartButtonView.swift in Sources */ = {isa = PBXBuildFile; fileRef = 3F900F8E2D9D3CE10065F1D5 /* StartButtonView.swift */; };
		3F97E31D2D9D5103004E8ACA /* OnboardingView.swift in Sources */ = {isa = PBXBuildFile; fileRef = 3F97E31C2D9D5103004E8ACA /* OnboardingView.swift */; };
		3F97E3202D9D5B6E004E8ACA /* FruitModel.swift in Sources */ = {isa = PBXBuildFile; fileRef = 3F97E31F2D9D5B6E004E8ACA /* FruitModel.swift */; };
		3F97E3232D9D5D2F004E8ACA /* FruitData.swift in Sources */ = {isa = PBXBuildFile; fileRef = 3F97E3222D9D5D2F004E8ACA /* FruitData.swift */; };
		3F97E3252D9D8F0D004E8ACA /* FruitRowView.swift in Sources */ = {isa = PBXBuildFile; fileRef = 3F97E3242D9D8F0D004E8ACA /* FruitRowView.swift */; };
/* End PBXBuildFile section */

/* Begin PBXFileReference section */
		3F900F5F2D9D23B30065F1D5 /* Fructus.app */ = {isa = PBXFileReference; explicitFileType = wrapper.application; includeInIndex = 0; path = Fructus.app; sourceTree = BUILT_PRODUCTS_DIR; };
		3F900F622D9D23B30065F1D5 /* FructusApp.swift */ = {isa = PBXFileReference; lastKnownFileType = sourcecode.swift; path = FructusApp.swift; sourceTree = "<group>"; };
		3F900F642D9D23B30065F1D5 /* ContentView.swift */ = {isa = PBXFileReference; lastKnownFileType = sourcecode.swift; path = ContentView.swift; sourceTree = "<group>"; };
		3F900F662D9D23B60065F1D5 /* Assets.xcassets */ = {isa = PBXFileReference; lastKnownFileType = folder.assetcatalog; path = Assets.xcassets; sourceTree = "<group>"; };
		3F900F692D9D23B60065F1D5 /* Preview Assets.xcassets */ = {isa = PBXFileReference; lastKnownFileType = folder.assetcatalog; path = "Preview Assets.xcassets"; sourceTree = "<group>"; };
		3F900F702D9D294B0065F1D5 /* gooseberry.png */ = {isa = PBXFileReference; lastKnownFileType = image.png; path = gooseberry.png; sourceTree = "<group>"; };
		3F900F712D9D294C0065F1D5 /* pear.png */ = {isa = PBXFileReference; lastKnownFileType = image.png; path = pear.png; sourceTree = "<group>"; };
		3F900F722D9D294C0065F1D5 /* pomegranate.png */ = {isa = PBXFileReference; lastKnownFileType = image.png; path = pomegranate.png; sourceTree = "<group>"; };
		3F900F732D9D294C0065F1D5 /* cherry.png */ = {isa = PBXFileReference; lastKnownFileType = image.png; path = cherry.png; sourceTree = "<group>"; };
		3F900F742D9D294C0065F1D5 /* blueberry.png */ = {isa = PBXFileReference; lastKnownFileType = image.png; path = blueberry.png; sourceTree = "<group>"; };
		3F900F752D9D294C0065F1D5 /* grapefruit.png */ = {isa = PBXFileReference; lastKnownFileType = image.png; path = grapefruit.png; sourceTree = "<group>"; };
		3F900F762D9D294C0065F1D5 /* watermelon.png */ = {isa = PBXFileReference; lastKnownFileType = image.png; path = watermelon.png; sourceTree = "<group>"; };
		3F900F772D9D294C0065F1D5 /* lime.png */ = {isa = PBXFileReference; lastKnownFileType = image.png; path = lime.png; sourceTree = "<group>"; };
		3F900F782D9D294C0065F1D5 /* mango.png */ = {isa = PBXFileReference; lastKnownFileType = image.png; path = mango.png; sourceTree = "<group>"; };
		3F900F792D9D294D0065F1D5 /* strawberry.png */ = {isa = PBXFileReference; lastKnownFileType = image.png; path = strawberry.png; sourceTree = "<group>"; };
		3F900F7A2D9D294D0065F1D5 /* plum.png */ = {isa = PBXFileReference; lastKnownFileType = image.png; path = plum.png; sourceTree = "<group>"; };
		3F900F7B2D9D294D0065F1D5 /* lemon.png */ = {isa = PBXFileReference; lastKnownFileType = image.png; path = lemon.png; sourceTree = "<group>"; };
		3F900F7C2D9D294D0065F1D5 /* apple.png */ = {isa = PBXFileReference; lastKnownFileType = image.png; path = apple.png; sourceTree = "<group>"; };
		3F900F8C2D9D31370065F1D5 /* FruitCardView.swift */ = {isa = PBXFileReference; lastKnownFileType = sourcecode.swift; path = FruitCardView.swift; sourceTree = "<group>"; };
		3F900F8E2D9D3CE10065F1D5 /* StartButtonView.swift */ = {isa = PBXFileReference; lastKnownFileType = sourcecode.swift; path = StartButtonView.swift; sourceTree = "<group>"; };
		3F97E31C2D9D5103004E8ACA /* OnboardingView.swift */ = {isa = PBXFileReference; lastKnownFileType = sourcecode.swift; path = OnboardingView.swift; sourceTree = "<group>"; };
		3F97E31F2D9D5B6E004E8ACA /* FruitModel.swift */ = {isa = PBXFileReference; lastKnownFileType = sourcecode.swift; path = FruitModel.swift; sourceTree = "<group>"; };
		3F97E3222D9D5D2F004E8ACA /* FruitData.swift */ = {isa = PBXFileReference; lastKnownFileType = sourcecode.swift; path = FruitData.swift; sourceTree = "<group>"; };
		3F97E3242D9D8F0D004E8ACA /* FruitRowView.swift */ = {isa = PBXFileReference; lastKnownFileType = sourcecode.swift; path = FruitRowView.swift; sourceTree = "<group>"; };
/* End PBXFileReference section */

/* Begin PBXFrameworksBuildPhase section */
		3F900F5C2D9D23B30065F1D5 /* Frameworks */ = {
			isa = PBXFrameworksBuildPhase;
			buildActionMask = 2147483647;
			files = (
			);
			runOnlyForDeploymentPostprocessing = 0;
		};
/* End PBXFrameworksBuildPhase section */

/* Begin PBXGroup section */
		3F900F562D9D23B20065F1D5 = {
			isa = PBXGroup;
			children = (
				3F900F612D9D23B30065F1D5 /* Fructus */,
				3F900F602D9D23B30065F1D5 /* Products */,
			);
			sourceTree = "<group>";
		};
		3F900F602D9D23B30065F1D5 /* Products */ = {
			isa = PBXGroup;
			children = (
				3F900F5F2D9D23B30065F1D5 /* Fructus.app */,
			);
			name = Products;
			sourceTree = "<group>";
		};
		3F900F612D9D23B30065F1D5 /* Fructus */ = {
			isa = PBXGroup;
			children = (
				3F97E3212D9D5D16004E8ACA /* Data */,
				3F97E31E2D9D5B55004E8ACA /* Models */,
				3F900F8B2D9D31120065F1D5 /* Views */,
				3F900F8A2D9D30B80065F1D5 /* App */,
				3F900F662D9D23B60065F1D5 /* Assets.xcassets */,
				3F900F682D9D23B60065F1D5 /* Preview Content */,
			);
			path = Fructus;
			sourceTree = "<group>";
		};
		3F900F682D9D23B60065F1D5 /* Preview Content */ = {
			isa = PBXGroup;
			children = (
				3F900F7C2D9D294D0065F1D5 /* apple.png */,
				3F900F742D9D294C0065F1D5 /* blueberry.png */,
				3F900F732D9D294C0065F1D5 /* cherry.png */,
				3F900F702D9D294B0065F1D5 /* gooseberry.png */,
				3F900F752D9D294C0065F1D5 /* grapefruit.png */,
				3F900F7B2D9D294D0065F1D5 /* lemon.png */,
				3F900F772D9D294C0065F1D5 /* lime.png */,
				3F900F782D9D294C0065F1D5 /* mango.png */,
				3F900F712D9D294C0065F1D5 /* pear.png */,
				3F900F7A2D9D294D0065F1D5 /* plum.png */,
				3F900F722D9D294C0065F1D5 /* pomegranate.png */,
				3F900F792D9D294D0065F1D5 /* strawberry.png */,
				3F900F762D9D294C0065F1D5 /* watermelon.png */,
				3F900F692D9D23B60065F1D5 /* Preview Assets.xcassets */,
			);
			path = "Preview Content";
			sourceTree = "<group>";
		};
		3F900F8A2D9D30B80065F1D5 /* App */ = {
			isa = PBXGroup;
			children = (
				3F900F622D9D23B30065F1D5 /* FructusApp.swift */,
				3F900F642D9D23B30065F1D5 /* ContentView.swift */,
				3F97E31C2D9D5103004E8ACA /* OnboardingView.swift */,
			);
			path = App;
			sourceTree = "<group>";
		};
		3F900F8B2D9D31120065F1D5 /* Views */ = {
			isa = PBXGroup;
			children = (
				3F900F8C2D9D31370065F1D5 /* FruitCardView.swift */,
				3F900F8E2D9D3CE10065F1D5 /* StartButtonView.swift */,
				3F97E3242D9D8F0D004E8ACA /* FruitRowView.swift */,
			);
			path = Views;
			sourceTree = "<group>";
		};
		3F97E31E2D9D5B55004E8ACA /* Models */ = {
			isa = PBXGroup;
			children = (
				3F97E31F2D9D5B6E004E8ACA /* FruitModel.swift */,
			);
			path = Models;
			sourceTree = "<group>";
		};
		3F97E3212D9D5D16004E8ACA /* Data */ = {
			isa = PBXGroup;
			children = (
				3F97E3222D9D5D2F004E8ACA /* FruitData.swift */,
			);
			path = Data;
			sourceTree = "<group>";
		};
/* End PBXGroup section */

/* Begin PBXNativeTarget section */
		3F900F5E2D9D23B30065F1D5 /* Fructus */ = {
			isa = PBXNativeTarget;
			buildConfigurationList = 3F900F6D2D9D23B60065F1D5 /* Build configuration list for PBXNativeTarget "Fructus" */;
			buildPhases = (
				3F900F5B2D9D23B30065F1D5 /* Sources */,
				3F900F5C2D9D23B30065F1D5 /* Frameworks */,
				3F900F5D2D9D23B30065F1D5 /* Resources */,
			);
			buildRules = (
			);
			dependencies = (
			);
			name = Fructus;
			productName = Fructus;
			productReference = 3F900F5F2D9D23B30065F1D5 /* Fructus.app */;
			productType = "com.apple.product-type.application";
		};
/* End PBXNativeTarget section */

/* Begin PBXProject section */
		3F900F572D9D23B20065F1D5 /* Project object */ = {
			isa = PBXProject;
			attributes = {
				BuildIndependentTargetsInParallel = 1;
				LastSwiftUpdateCheck = 1520;
				LastUpgradeCheck = 1520;
				TargetAttributes = {
					3F900F5E2D9D23B30065F1D5 = {
						CreatedOnToolsVersion = 15.2;
					};
				};
			};
			buildConfigurationList = 3F900F5A2D9D23B30065F1D5 /* Build configuration list for PBXProject "Fructus" */;
			compatibilityVersion = "Xcode 14.0";
			developmentRegion = en;
			hasScannedForEncodings = 0;
			knownRegions = (
				en,
				Base,
			);
			mainGroup = 3F900F562D9D23B20065F1D5;
			productRefGroup = 3F900F602D9D23B30065F1D5 /* Products */;
			projectDirPath = "";
			projectRoot = "";
			targets = (
				3F900F5E2D9D23B30065F1D5 /* Fructus */,
			);
		};
/* End PBXProject section */

/* Begin PBXResourcesBuildPhase section */
		3F900F5D2D9D23B30065F1D5 /* Resources */ = {
			isa = PBXResourcesBuildPhase;
			buildActionMask = 2147483647;
			files = (
				3F900F802D9D294D0065F1D5 /* cherry.png in Resources */,
				3F900F6A2D9D23B60065F1D5 /* Preview Assets.xcassets in Resources */,
				3F900F872D9D294D0065F1D5 /* plum.png in Resources */,
				3F900F862D9D294D0065F1D5 /* strawberry.png in Resources */,
				3F900F892D9D294D0065F1D5 /* apple.png in Resources */,
				3F900F822D9D294D0065F1D5 /* grapefruit.png in Resources */,
				3F900F812D9D294D0065F1D5 /* blueberry.png in Resources */,
				3F900F852D9D294D0065F1D5 /* mango.png in Resources */,
				3F900F832D9D294D0065F1D5 /* watermelon.png in Resources */,
				3F900F672D9D23B60065F1D5 /* Assets.xcassets in Resources */,
				3F900F842D9D294D0065F1D5 /* lime.png in Resources */,
				3F900F7F2D9D294D0065F1D5 /* pomegranate.png in Resources */,
				3F900F882D9D294D0065F1D5 /* lemon.png in Resources */,
				3F900F7D2D9D294D0065F1D5 /* gooseberry.png in Resources */,
				3F900F7E2D9D294D0065F1D5 /* pear.png in Resources */,
			);
			runOnlyForDeploymentPostprocessing = 0;
		};
/* End PBXResourcesBuildPhase section */

/* Begin PBXSourcesBuildPhase section */
		3F900F5B2D9D23B30065F1D5 /* Sources */ = {
			isa = PBXSourcesBuildPhase;
			buildActionMask = 2147483647;
			files = (
				3F97E3232D9D5D2F004E8ACA /* FruitData.swift in Sources */,
				3F900F8D2D9D31370065F1D5 /* FruitCardView.swift in Sources */,
				3F97E3252D9D8F0D004E8ACA /* FruitRowView.swift in Sources */,
				3F900F8F2D9D3CE10065F1D5 /* StartButtonView.swift in Sources */,
				3F900F652D9D23B30065F1D5 /* ContentView.swift in Sources */,
				3F97E31D2D9D5103004E8ACA /* OnboardingView.swift in Sources */,
				3F97E3202D9D5B6E004E8ACA /* FruitModel.swift in Sources */,
				3F900F632D9D23B30065F1D5 /* FructusApp.swift in Sources */,
			);
			runOnlyForDeploymentPostprocessing = 0;
		};
/* End PBXSourcesBuildPhase section */

/* Begin XCBuildConfiguration section */
		3F900F6B2D9D23B60065F1D5 /* Debug */ = {
			isa = XCBuildConfiguration;
			buildSettings = {
				ALWAYS_SEARCH_USER_PATHS = NO;
				ASSETCATALOG_COMPILER_GENERATE_SWIFT_ASSET_SYMBOL_EXTENSIONS = YES;
				CLANG_ANALYZER_NONNULL = YES;
				CLANG_ANALYZER_NUMBER_OBJECT_CONVERSION = YES_AGGRESSIVE;
				CLANG_CXX_LANGUAGE_STANDARD = "gnu++20";
				CLANG_ENABLE_MODULES = YES;
				CLANG_ENABLE_OBJC_ARC = YES;
				CLANG_ENABLE_OBJC_WEAK = YES;
				CLANG_WARN_BLOCK_CAPTURE_AUTORELEASING = YES;
				CLANG_WARN_BOOL_CONVERSION = YES;
				CLANG_WARN_COMMA = YES;
				CLANG_WARN_CONSTANT_CONVERSION = YES;
				CLANG_WARN_DEPRECATED_OBJC_IMPLEMENTATIONS = YES;
				CLANG_WARN_DIRECT_OBJC_ISA_USAGE = YES_ERROR;
				CLANG_WARN_DOCUMENTATION_COMMENTS = YES;
				CLANG_WARN_EMPTY_BODY = YES;
				CLANG_WARN_ENUM_CONVERSION = YES;
				CLANG_WARN_INFINITE_RECURSION = YES;
				CLANG_WARN_INT_CONVERSION = YES;
				CLANG_WARN_NON_LITERAL_NULL_CONVERSION = YES;
				CLANG_WARN_OBJC_IMPLICIT_RETAIN_SELF = YES;
				CLANG_WARN_OBJC_LITERAL_CONVERSION = YES;
				CLANG_WARN_OBJC_ROOT_CLASS = YES_ERROR;
				CLANG_WARN_QUOTED_INCLUDE_IN_FRAMEWORK_HEADER = YES;
				CLANG_WARN_RANGE_LOOP_ANALYSIS = YES;
				CLANG_WARN_STRICT_PROTOTYPES = YES;
				CLANG_WARN_SUSPICIOUS_MOVE = YES;
				CLANG_WARN_UNGUARDED_AVAILABILITY = YES_AGGRESSIVE;
				CLANG_WARN_UNREACHABLE_CODE = YES;
				CLANG_WARN__DUPLICATE_METHOD_MATCH = YES;
				COPY_PHASE_STRIP = NO;
				DEBUG_INFORMATION_FORMAT = dwarf;
				ENABLE_STRICT_OBJC_MSGSEND = YES;
				ENABLE_TESTABILITY = YES;
				ENABLE_USER_SCRIPT_SANDBOXING = YES;
				GCC_C_LANGUAGE_STANDARD = gnu17;
				GCC_DYNAMIC_NO_PIC = NO;
				GCC_NO_COMMON_BLOCKS = YES;
				GCC_OPTIMIZATION_LEVEL = 0;
				GCC_PREPROCESSOR_DEFINITIONS = (
					"DEBUG=1",
					"$(inherited)",
				);
				GCC_WARN_64_TO_32_BIT_CONVERSION = YES;
				GCC_WARN_ABOUT_RETURN_TYPE = YES_ERROR;
				GCC_WARN_UNDECLARED_SELECTOR = YES;
				GCC_WARN_UNINITIALIZED_AUTOS = YES_AGGRESSIVE;
				GCC_WARN_UNUSED_FUNCTION = YES;
				GCC_WARN_UNUSED_VARIABLE = YES;
				IPHONEOS_DEPLOYMENT_TARGET = 17.2;
				LOCALIZATION_PREFERS_STRING_CATALOGS = YES;
				MTL_ENABLE_DEBUG_INFO = INCLUDE_SOURCE;
				MTL_FAST_MATH = YES;
				ONLY_ACTIVE_ARCH = YES;
				SDKROOT = iphoneos;
				SWIFT_ACTIVE_COMPILATION_CONDITIONS = "DEBUG $(inherited)";
				SWIFT_OPTIMIZATION_LEVEL = "-Onone";
			};
			name = Debug;
		};
		3F900F6C2D9D23B60065F1D5 /* Release */ = {
			isa = XCBuildConfiguration;
			buildSettings = {
				ALWAYS_SEARCH_USER_PATHS = NO;
				ASSETCATALOG_COMPILER_GENERATE_SWIFT_ASSET_SYMBOL_EXTENSIONS = YES;
				CLANG_ANALYZER_NONNULL = YES;
				CLANG_ANALYZER_NUMBER_OBJECT_CONVERSION = YES_AGGRESSIVE;
				CLANG_CXX_LANGUAGE_STANDARD = "gnu++20";
				CLANG_ENABLE_MODULES = YES;
				CLANG_ENABLE_OBJC_ARC = YES;
				CLANG_ENABLE_OBJC_WEAK = YES;
				CLANG_WARN_BLOCK_CAPTURE_AUTORELEASING = YES;
				CLANG_WARN_BOOL_CONVERSION = YES;
				CLANG_WARN_COMMA = YES;
				CLANG_WARN_CONSTANT_CONVERSION = YES;
				CLANG_WARN_DEPRECATED_OBJC_IMPLEMENTATIONS = YES;
				CLANG_WARN_DIRECT_OBJC_ISA_USAGE = YES_ERROR;
				CLANG_WARN_DOCUMENTATION_COMMENTS = YES;
				CLANG_WARN_EMPTY_BODY = YES;
				CLANG_WARN_ENUM_CONVERSION = YES;
				CLANG_WARN_INFINITE_RECURSION = YES;
				CLANG_WARN_INT_CONVERSION = YES;
				CLANG_WARN_NON_LITERAL_NULL_CONVERSION = YES;
				CLANG_WARN_OBJC_IMPLICIT_RETAIN_SELF = YES;
				CLANG_WARN_OBJC_LITERAL_CONVERSION = YES;
				CLANG_WARN_OBJC_ROOT_CLASS = YES_ERROR;
				CLANG_WARN_QUOTED_INCLUDE_IN_FRAMEWORK_HEADER = YES;
				CLANG_WARN_RANGE_LOOP_ANALYSIS = YES;
				CLANG_WARN_STRICT_PROTOTYPES = YES;
				CLANG_WARN_SUSPICIOUS_MOVE = YES;
				CLANG_WARN_UNGUARDED_AVAILABILITY = YES_AGGRESSIVE;
				CLANG_WARN_UNREACHABLE_CODE = YES;
				CLANG_WARN__DUPLICATE_METHOD_MATCH = YES;
				COPY_PHASE_STRIP = NO;
				DEBUG_INFORMATION_FORMAT = "dwarf-with-dsym";
				ENABLE_NS_ASSERTIONS = NO;
				ENABLE_STRICT_OBJC_MSGSEND = YES;
				ENABLE_USER_SCRIPT_SANDBOXING = YES;
				GCC_C_LANGUAGE_STANDARD = gnu17;
				GCC_NO_COMMON_BLOCKS = YES;
				GCC_WARN_64_TO_32_BIT_CONVERSION = YES;
				GCC_WARN_ABOUT_RETURN_TYPE = YES_ERROR;
				GCC_WARN_UNDECLARED_SELECTOR = YES;
				GCC_WARN_UNINITIALIZED_AUTOS = YES_AGGRESSIVE;
				GCC_WARN_UNUSED_FUNCTION = YES;
				GCC_WARN_UNUSED_VARIABLE = YES;
				IPHONEOS_DEPLOYMENT_TARGET = 17.2;
				LOCALIZATION_PREFERS_STRING_CATALOGS = YES;
				MTL_ENABLE_DEBUG_INFO = NO;
				MTL_FAST_MATH = YES;
				SDKROOT = iphoneos;
				SWIFT_COMPILATION_MODE = wholemodule;
				VALIDATE_PRODUCT = YES;
			};
			name = Release;
		};
		3F900F6E2D9D23B60065F1D5 /* Debug */ = {
			isa = XCBuildConfiguration;
			buildSettings = {
				ASSETCATALOG_COMPILER_APPICON_NAME = AppIcon;
				ASSETCATALOG_COMPILER_GLOBAL_ACCENT_COLOR_NAME = AccentColor;
				CODE_SIGN_STYLE = Automatic;
				CURRENT_PROJECT_VERSION = 1;
				DEVELOPMENT_ASSET_PATHS = "\"Fructus/Preview Content\"";
				ENABLE_PREVIEWS = YES;
				GENERATE_INFOPLIST_FILE = YES;
				INFOPLIST_KEY_UIApplicationSceneManifest_Generation = YES;
				INFOPLIST_KEY_UIApplicationSupportsIndirectInputEvents = YES;
				INFOPLIST_KEY_UILaunchScreen_Generation = YES;
				INFOPLIST_KEY_UISupportedInterfaceOrientations = UIInterfaceOrientationPortrait;
				INFOPLIST_KEY_UISupportedInterfaceOrientations_iPad = "UIInterfaceOrientationPortrait UIInterfaceOrientationPortraitUpsideDown";
				LD_RUNPATH_SEARCH_PATHS = (
					"$(inherited)",
					"@executable_path/Frameworks",
				);
				MARKETING_VERSION = 1.0;
				PRODUCT_BUNDLE_IDENTIFIER = com.julianojosoa13.Fructus;
				PRODUCT_NAME = "$(TARGET_NAME)";
				SWIFT_EMIT_LOC_STRINGS = YES;
				SWIFT_VERSION = 5.0;
				TARGETED_DEVICE_FAMILY = "1,2";
			};
			name = Debug;
		};
		3F900F6F2D9D23B60065F1D5 /* Release */ = {
			isa = XCBuildConfiguration;
			buildSettings = {
				ASSETCATALOG_COMPILER_APPICON_NAME = AppIcon;
				ASSETCATALOG_COMPILER_GLOBAL_ACCENT_COLOR_NAME = AccentColor;
				CODE_SIGN_STYLE = Automatic;
				CURRENT_PROJECT_VERSION = 1;
				DEVELOPMENT_ASSET_PATHS = "\"Fructus/Preview Content\"";
				ENABLE_PREVIEWS = YES;
				GENERATE_INFOPLIST_FILE = YES;
				INFOPLIST_KEY_UIApplicationSceneManifest_Generation = YES;
				INFOPLIST_KEY_UIApplicationSupportsIndirectInputEvents = YES;
				INFOPLIST_KEY_UILaunchScreen_Generation = YES;
				INFOPLIST_KEY_UISupportedInterfaceOrientations = UIInterfaceOrientationPortrait;
				INFOPLIST_KEY_UISupportedInterfaceOrientations_iPad = "UIInterfaceOrientationPortrait UIInterfaceOrientationPortraitUpsideDown";
				LD_RUNPATH_SEARCH_PATHS = (
					"$(inherited)",
					"@executable_path/Frameworks",
				);
				MARKETING_VERSION = 1.0;
				PRODUCT_BUNDLE_IDENTIFIER = com.julianojosoa13.Fructus;
				PRODUCT_NAME = "$(TARGET_NAME)";
				SWIFT_EMIT_LOC_STRINGS = YES;
				SWIFT_VERSION = 5.0;
				TARGETED_DEVICE_FAMILY = "1,2";
			};
			name = Release;
		};
/* End XCBuildConfiguration section */

/* Begin XCConfigurationList section */
		3F900F5A2D9D23B30065F1D5 /* Build configuration list for PBXProject "Fructus" */ = {
			isa = XCConfigurationList;
			buildConfigurations = (
				3F900F6B2D9D23B60065F1D5 /* Debug */,
				3F900F6C2D9D23B60065F1D5 /* Release */,
			);
			defaultConfigurationIsVisible = 0;
			defaultConfigurationName = Release;
		};
		3F900F6D2D9D23B60065F1D5 /* Build configuration list for PBXNativeTarget "Fructus" */ = {
			isa = XCConfigurationList;
			buildConfigurations = (
				3F900F6E2D9D23B60065F1D5 /* Debug */,
				3F900F6F2D9D23B60065F1D5 /* Release */,
			);
			defaultConfigurationIsVisible = 0;
			defaultConfigurationName = Release;
		};
/* End XCConfigurationList section */
	};
	rootObject = 3F900F572D9D23B20065F1D5 /* Project object */;
}
